
Microsoft Visual Studio Solution File, Format Version 12.00
# Visual Studio 15
VisualStudioVersion = 15.0.28307.705
MinimumVisualStudioVersion = 10.0.40219.1
Project("{FAE04EC0-301F-11D3-BF4B-00C04F79EFBC}") = "AGTPPECodeFirst", "AGTPPECodeFirst\AGTPPECodeFirst.csproj", "{F11F0548-2301-45CA-942C-9A2FC1862562}"
EndProject
Global
	GlobalSection(SolutionConfigurationPlatforms) = preSolution
		Debug|Any CPU = Debug|Any CPU
		Release|Any CPU = Release|Any CPU
	EndGlobalSection
	GlobalSection(ProjectConfigurationPlatforms) = postSolution
		{F11F0548-2301-45CA-942C-9A2FC1862562}.Debug|Any CPU.ActiveCfg = Debug|Any CPU
		{F11F0548-2301-45CA-942C-9A2FC1862562}.Debug|Any CPU.Build.0 = Debug|Any CPU
		{F11F0548-2301-45CA-942C-9A2FC1862562}.Release|Any CPU.ActiveCfg = Release|Any CPU
		{F11F0548-2301-45CA-942C-9A2FC1862562}.Release|Any CPU.Build.0 = Release|Any CPU
	EndGlobalSection
	GlobalSection(SolutionProperties) = preSolution
		HideSolutionNode = FALSE
	EndGlobalSection
	GlobalSection(ExtensibilityGlobals) = postSolution
		SolutionGuid = {6186094D-362F-4BAE-BEB5-AE6AE4A2921C}
	EndGlobalSection
EndGlobal
